// !$*UTF8*$!
{
	archiveVersion = 1;
	classes = {
	};
	objectVersion = 46;
	objects = {

/* Begin PBXBuildFile section */
		A8EBEA2619C8E51200CCC063 /* Foundation.framework in Frameworks */ = {isa = PBXBuildFile; fileRef = A8EBEA2519C8E51200CCC063 /* Foundation.framework */; };
		A8EBEA2819C8E51200CCC063 /* CoreGraphics.framework in Frameworks */ = {isa = PBXBuildFile; fileRef = A8EBEA2719C8E51200CCC063 /* CoreGraphics.framework */; };
		A8EBEA2A19C8E51200CCC063 /* UIKit.framework in Frameworks */ = {isa = PBXBuildFile; fileRef = A8EBEA2919C8E51200CCC063 /* UIKit.framework */; };
		A8EBEA3019C8E51200CCC063 /* InfoPlist.strings in Resources */ = {isa = PBXBuildFile; fileRef = A8EBEA2E19C8E51200CCC063 /* InfoPlist.strings */; };
		A8EBEA3219C8E51200CCC063 /* main.m in Sources */ = {isa = PBXBuildFile; fileRef = A8EBEA3119C8E51200CCC063 /* main.m */; };
		A8EBEA3619C8E51200CCC063 /* NovelsAppDelegate.m in Sources */ = {isa = PBXBuildFile; fileRef = A8EBEA3519C8E51200CCC063 /* NovelsAppDelegate.m */; };
		A8EBEA3919C8E51200CCC063 /* Main.storyboard in Resources */ = {isa = PBXBuildFile; fileRef = A8EBEA3719C8E51200CCC063 /* Main.storyboard */; };
		A8EBEA3C19C8E51200CCC063 /* NovelsViewController.m in Sources */ = {isa = PBXBuildFile; fileRef = A8EBEA3B19C8E51200CCC063 /* NovelsViewController.m */; };
		A8EBEA3E19C8E51200CCC063 /* Images.xcassets in Resources */ = {isa = PBXBuildFile; fileRef = A8EBEA3D19C8E51200CCC063 /* Images.xcassets */; };
		A8EBEA4519C8E51200CCC063 /* XCTest.framework in Frameworks */ = {isa = PBXBuildFile; fileRef = A8EBEA4419C8E51200CCC063 /* XCTest.framework */; };
		A8EBEA4619C8E51200CCC063 /* Foundation.framework in Frameworks */ = {isa = PBXBuildFile; fileRef = A8EBEA2519C8E51200CCC063 /* Foundation.framework */; };
		A8EBEA4719C8E51200CCC063 /* UIKit.framework in Frameworks */ = {isa = PBXBuildFile; fileRef = A8EBEA2919C8E51200CCC063 /* UIKit.framework */; };
		A8EBEA4F19C8E51200CCC063 /* InfoPlist.strings in Resources */ = {isa = PBXBuildFile; fileRef = A8EBEA4D19C8E51200CCC063 /* InfoPlist.strings */; };
		A8EBEA5119C8E51200CCC063 /* assignment2Tests.m in Sources */ = {isa = PBXBuildFile; fileRef = A8EBEA5019C8E51200CCC063 /* assignment2Tests.m */; };
		A8EBEA6119C8E73700CCC063 /* Alice.txt in Resources */ = {isa = PBXBuildFile; fileRef = A8EBEA5B19C8E73700CCC063 /* Alice.txt */; };
		A8EBEA6219C8E73700CCC063 /* ibooks_app.png in Resources */ = {isa = PBXBuildFile; fileRef = A8EBEA5C19C8E73700CCC063 /* ibooks_app.png */; };
		A8EBEA6319C8E73700CCC063 /* ibooks_settings.png in Resources */ = {isa = PBXBuildFile; fileRef = A8EBEA5D19C8E73700CCC063 /* ibooks_settings.png */; };
		A8EBEA6419C8E73700CCC063 /* ibooks_spotlight.png in Resources */ = {isa = PBXBuildFile; fileRef = A8EBEA5E19C8E73700CCC063 /* ibooks_spotlight.png */; };
		A8EBEA6519C8E73700CCC063 /* Oz.txt in Resources */ = {isa = PBXBuildFile; fileRef = A8EBEA5F19C8E73700CCC063 /* Oz.txt */; };
		A8EBEA6619C8E73700CCC063 /* Pumpernickel.txt in Resources */ = {isa = PBXBuildFile; fileRef = A8EBEA6019C8E73700CCC063 /* Pumpernickel.txt */; };
		A8EBEA6919C8EDCE00CCC063 /* DocSelectionViewController.m in Sources */ = {isa = PBXBuildFile; fileRef = A8EBEA6819C8EDCE00CCC063 /* DocSelectionViewController.m */; };
		A8EBEA6B19C8F11600CCC063 /* books.plist in Resources */ = {isa = PBXBuildFile; fileRef = A8EBEA6A19C8F11600CCC063 /* books.plist */; };
		A8EBEA6E19C8F26100CCC063 /* Bookshelf.m in Sources */ = {isa = PBXBuildFile; fileRef = A8EBEA6D19C8F26100CCC063 /* Bookshelf.m */; };
		A8EBEA7019C9105600CCC063 /* Sleepy Hollow.txt in Resources */ = {isa = PBXBuildFile; fileRef = A8EBEA6F19C9105600CCC063 /* Sleepy Hollow.txt */; };
/* End PBXBuildFile section */

/* Begin PBXContainerItemProxy section */
		A8EBEA4819C8E51200CCC063 /* PBXContainerItemProxy */ = {
			isa = PBXContainerItemProxy;
			containerPortal = A8EBEA1A19C8E51100CCC063 /* Project object */;
			proxyType = 1;
			remoteGlobalIDString = A8EBEA2119C8E51100CCC063;
			remoteInfo = assignment2;
		};
/* End PBXContainerItemProxy section */

/* Begin PBXFileReference section */
		A8EBEA2219C8E51200CCC063 /* assignment2.app */ = {isa = PBXFileReference; explicitFileType = wrapper.application; includeInIndex = 0; path = assignment2.app; sourceTree = BUILT_PRODUCTS_DIR; };
		A8EBEA2519C8E51200CCC063 /* Foundation.framework */ = {isa = PBXFileReference; lastKnownFileType = wrapper.framework; name = Foundation.framework; path = System/Library/Frameworks/Foundation.framework; sourceTree = SDKROOT; };
		A8EBEA2719C8E51200CCC063 /* CoreGraphics.framework */ = {isa = PBXFileReference; lastKnownFileType = wrapper.framework; name = CoreGraphics.framework; path = System/Library/Frameworks/CoreGraphics.framework; sourceTree = SDKROOT; };
		A8EBEA2919C8E51200CCC063 /* UIKit.framework */ = {isa = PBXFileReference; lastKnownFileType = wrapper.framework; name = UIKit.framework; path = System/Library/Frameworks/UIKit.framework; sourceTree = SDKROOT; };
		A8EBEA2D19C8E51200CCC063 /* assignment2-Info.plist */ = {isa = PBXFileReference; lastKnownFileType = text.plist.xml; path = "assignment2-Info.plist"; sourceTree = "<group>"; };
		A8EBEA2F19C8E51200CCC063 /* en */ = {isa = PBXFileReference; lastKnownFileType = text.plist.strings; name = en; path = en.lproj/InfoPlist.strings; sourceTree = "<group>"; };
		A8EBEA3119C8E51200CCC063 /* main.m */ = {isa = PBXFileReference; lastKnownFileType = sourcecode.c.objc; path = main.m; sourceTree = "<group>"; };
		A8EBEA3319C8E51200CCC063 /* assignment2-Prefix.pch */ = {isa = PBXFileReference; lastKnownFileType = sourcecode.c.h; path = "assignment2-Prefix.pch"; sourceTree = "<group>"; };
		A8EBEA3419C8E51200CCC063 /* NovelsAppDelegate.h */ = {isa = PBXFileReference; lastKnownFileType = sourcecode.c.h; path = NovelsAppDelegate.h; sourceTree = "<group>"; };
		A8EBEA3519C8E51200CCC063 /* NovelsAppDelegate.m */ = {isa = PBXFileReference; lastKnownFileType = sourcecode.c.objc; path = NovelsAppDelegate.m; sourceTree = "<group>"; };
		A8EBEA3819C8E51200CCC063 /* Base */ = {isa = PBXFileReference; lastKnownFileType = file.storyboard; name = Base; path = Base.lproj/Main.storyboard; sourceTree = "<group>"; };
		A8EBEA3A19C8E51200CCC063 /* NovelsViewController.h */ = {isa = PBXFileReference; lastKnownFileType = sourcecode.c.h; path = NovelsViewController.h; sourceTree = "<group>"; };
		A8EBEA3B19C8E51200CCC063 /* NovelsViewController.m */ = {isa = PBXFileReference; lastKnownFileType = sourcecode.c.objc; path = NovelsViewController.m; sourceTree = "<group>"; };
		A8EBEA3D19C8E51200CCC063 /* Images.xcassets */ = {isa = PBXFileReference; lastKnownFileType = folder.assetcatalog; path = Images.xcassets; sourceTree = "<group>"; };
		A8EBEA4319C8E51200CCC063 /* assignment2Tests.xctest */ = {isa = PBXFileReference; explicitFileType = wrapper.cfbundle; includeInIndex = 0; path = assignment2Tests.xctest; sourceTree = BUILT_PRODUCTS_DIR; };
		A8EBEA4419C8E51200CCC063 /* XCTest.framework */ = {isa = PBXFileReference; lastKnownFileType = wrapper.framework; name = XCTest.framework; path = Library/Frameworks/XCTest.framework; sourceTree = DEVELOPER_DIR; };
		A8EBEA4C19C8E51200CCC063 /* assignment2Tests-Info.plist */ = {isa = PBXFileReference; lastKnownFileType = text.plist.xml; path = "assignment2Tests-Info.plist"; sourceTree = "<group>"; };
		A8EBEA4E19C8E51200CCC063 /* en */ = {isa = PBXFileReference; lastKnownFileType = text.plist.strings; name = en; path = en.lproj/InfoPlist.strings; sourceTree = "<group>"; };
		A8EBEA5019C8E51200CCC063 /* assignment2Tests.m */ = {isa = PBXFileReference; lastKnownFileType = sourcecode.c.objc; path = assignment2Tests.m; sourceTree = "<group>"; };
		A8EBEA5B19C8E73700CCC063 /* Alice.txt */ = {isa = PBXFileReference; fileEncoding = 4; lastKnownFileType = text; name = Alice.txt; path = supporting_files/Alice.txt; sourceTree = "<group>"; };
		A8EBEA5C19C8E73700CCC063 /* ibooks_app.png */ = {isa = PBXFileReference; lastKnownFileType = image.png; name = ibooks_app.png; path = supporting_files/ibooks_app.png; sourceTree = "<group>"; };
		A8EBEA5D19C8E73700CCC063 /* ibooks_settings.png */ = {isa = PBXFileReference; lastKnownFileType = image.png; name = ibooks_settings.png; path = supporting_files/ibooks_settings.png; sourceTree = "<group>"; };
		A8EBEA5E19C8E73700CCC063 /* ibooks_spotlight.png */ = {isa = PBXFileReference; lastKnownFileType = image.png; name = ibooks_spotlight.png; path = supporting_files/ibooks_spotlight.png; sourceTree = "<group>"; };
		A8EBEA5F19C8E73700CCC063 /* Oz.txt */ = {isa = PBXFileReference; fileEncoding = 4; lastKnownFileType = text; name = Oz.txt; path = supporting_files/Oz.txt; sourceTree = "<group>"; };
		A8EBEA6019C8E73700CCC063 /* Pumpernickel.txt */ = {isa = PBXFileReference; fileEncoding = 4; lastKnownFileType = text; name = Pumpernickel.txt; path = supporting_files/Pumpernickel.txt; sourceTree = "<group>"; };
		A8EBEA6719C8EDCE00CCC063 /* DocSelectionViewController.h */ = {isa = PBXFileReference; fileEncoding = 4; lastKnownFileType = sourcecode.c.h; name = DocSelectionViewController.h; path = ../DocSelectionViewController.h; sourceTree = "<group>"; };
		A8EBEA6819C8EDCE00CCC063 /* DocSelectionViewController.m */ = {isa = PBXFileReference; fileEncoding = 4; lastKnownFileType = sourcecode.c.objc; name = DocSelectionViewController.m; path = ../DocSelectionViewController.m; sourceTree = "<group>"; };
		A8EBEA6A19C8F11600CCC063 /* books.plist */ = {isa = PBXFileReference; fileEncoding = 4; lastKnownFileType = text.plist.xml; path = books.plist; sourceTree = "<group>"; };
		A8EBEA6C19C8F26100CCC063 /* Bookshelf.h */ = {isa = PBXFileReference; fileEncoding = 4; lastKnownFileType = sourcecode.c.h; path = Bookshelf.h; sourceTree = "<group>"; };
		A8EBEA6D19C8F26100CCC063 /* Bookshelf.m */ = {isa = PBXFileReference; fileEncoding = 4; lastKnownFileType = sourcecode.c.objc; path = Bookshelf.m; sourceTree = "<group>"; };
		A8EBEA6F19C9105600CCC063 /* Sleepy Hollow.txt */ = {isa = PBXFileReference; fileEncoding = 4; lastKnownFileType = text; path = "Sleepy Hollow.txt"; sourceTree = "<group>"; };
/* End PBXFileReference section */

/* Begin PBXFrameworksBuildPhase section */
		A8EBEA1F19C8E51100CCC063 /* Frameworks */ = {
			isa = PBXFrameworksBuildPhase;
			buildActionMask = 2147483647;
			files = (
				A8EBEA2819C8E51200CCC063 /* CoreGraphics.framework in Frameworks */,
				A8EBEA2A19C8E51200CCC063 /* UIKit.framework in Frameworks */,
				A8EBEA2619C8E51200CCC063 /* Foundation.framework in Frameworks */,
			);
			runOnlyForDeploymentPostprocessing = 0;
		};
		A8EBEA4019C8E51200CCC063 /* Frameworks */ = {
			isa = PBXFrameworksBuildPhase;
			buildActionMask = 2147483647;
			files = (
				A8EBEA4519C8E51200CCC063 /* XCTest.framework in Frameworks */,
				A8EBEA4719C8E51200CCC063 /* UIKit.framework in Frameworks */,
				A8EBEA4619C8E51200CCC063 /* Foundation.framework in Frameworks */,
			);
			runOnlyForDeploymentPostprocessing = 0;
		};
/* End PBXFrameworksBuildPhase section */

/* Begin PBXGroup section */
		A8EBEA1919C8E51000CCC063 = {
			isa = PBXGroup;
			children = (
				A8EBEA2B19C8E51200CCC063 /* assignment2 */,
				A8EBEA4A19C8E51200CCC063 /* assignment2Tests */,
				A8EBEA2419C8E51200CCC063 /* Frameworks */,
				A8EBEA2319C8E51200CCC063 /* Products */,
			);
			sourceTree = "<group>";
		};
		A8EBEA2319C8E51200CCC063 /* Products */ = {
			isa = PBXGroup;
			children = (
				A8EBEA2219C8E51200CCC063 /* assignment2.app */,
				A8EBEA4319C8E51200CCC063 /* assignment2Tests.xctest */,
			);
			name = Products;
			sourceTree = "<group>";
		};
		A8EBEA2419C8E51200CCC063 /* Frameworks */ = {
			isa = PBXGroup;
			children = (
				A8EBEA2519C8E51200CCC063 /* Foundation.framework */,
				A8EBEA2719C8E51200CCC063 /* CoreGraphics.framework */,
				A8EBEA2919C8E51200CCC063 /* UIKit.framework */,
				A8EBEA4419C8E51200CCC063 /* XCTest.framework */,
			);
			name = Frameworks;
			sourceTree = "<group>";
		};
		A8EBEA2B19C8E51200CCC063 /* assignment2 */ = {
			isa = PBXGroup;
			children = (
				A8EBEA6719C8EDCE00CCC063 /* DocSelectionViewController.h */,
				A8EBEA6819C8EDCE00CCC063 /* DocSelectionViewController.m */,
				A8EBEA3419C8E51200CCC063 /* NovelsAppDelegate.h */,
				A8EBEA3519C8E51200CCC063 /* NovelsAppDelegate.m */,
				A8EBEA3719C8E51200CCC063 /* Main.storyboard */,
				A8EBEA6A19C8F11600CCC063 /* books.plist */,
				A8EBEA6C19C8F26100CCC063 /* Bookshelf.h */,
				A8EBEA6D19C8F26100CCC063 /* Bookshelf.m */,
				A8EBEA3A19C8E51200CCC063 /* NovelsViewController.h */,
				A8EBEA3B19C8E51200CCC063 /* NovelsViewController.m */,
				A8EBEA3D19C8E51200CCC063 /* Images.xcassets */,
				A8EBEA2C19C8E51200CCC063 /* Supporting Files */,
			);
			path = assignment2;
			sourceTree = "<group>";
		};
		A8EBEA2C19C8E51200CCC063 /* Supporting Files */ = {
			isa = PBXGroup;
			children = (
				A8EBEA6F19C9105600CCC063 /* Sleepy Hollow.txt */,
				A8EBEA5B19C8E73700CCC063 /* Alice.txt */,
				A8EBEA5C19C8E73700CCC063 /* ibooks_app.png */,
				A8EBEA5D19C8E73700CCC063 /* ibooks_settings.png */,
				A8EBEA5E19C8E73700CCC063 /* ibooks_spotlight.png */,
				A8EBEA5F19C8E73700CCC063 /* Oz.txt */,
				A8EBEA6019C8E73700CCC063 /* Pumpernickel.txt */,
				A8EBEA2D19C8E51200CCC063 /* assignment2-Info.plist */,
				A8EBEA2E19C8E51200CCC063 /* InfoPlist.strings */,
				A8EBEA3119C8E51200CCC063 /* main.m */,
				A8EBEA3319C8E51200CCC063 /* assignment2-Prefix.pch */,
			);
			name = "Supporting Files";
			sourceTree = "<group>";
		};
		A8EBEA4A19C8E51200CCC063 /* assignment2Tests */ = {
			isa = PBXGroup;
			children = (
				A8EBEA5019C8E51200CCC063 /* assignment2Tests.m */,
				A8EBEA4B19C8E51200CCC063 /* Supporting Files */,
			);
			path = assignment2Tests;
			sourceTree = "<group>";
		};
		A8EBEA4B19C8E51200CCC063 /* Supporting Files */ = {
			isa = PBXGroup;
			children = (
				A8EBEA4C19C8E51200CCC063 /* assignment2Tests-Info.plist */,
				A8EBEA4D19C8E51200CCC063 /* InfoPlist.strings */,
			);
			name = "Supporting Files";
			sourceTree = "<group>";
		};
/* End PBXGroup section */

/* Begin PBXNativeTarget section */
		A8EBEA2119C8E51100CCC063 /* assignment2 */ = {
			isa = PBXNativeTarget;
			buildConfigurationList = A8EBEA5419C8E51200CCC063 /* Build configuration list for PBXNativeTarget "assignment2" */;
			buildPhases = (
				A8EBEA1E19C8E51100CCC063 /* Sources */,
				A8EBEA1F19C8E51100CCC063 /* Frameworks */,
				A8EBEA2019C8E51100CCC063 /* Resources */,
			);
			buildRules = (
			);
			dependencies = (
			);
			name = assignment2;
			productName = assignment2;
			productReference = A8EBEA2219C8E51200CCC063 /* assignment2.app */;
			productType = "com.apple.product-type.application";
		};
		A8EBEA4219C8E51200CCC063 /* assignment2Tests */ = {
			isa = PBXNativeTarget;
			buildConfigurationList = A8EBEA5719C8E51200CCC063 /* Build configuration list for PBXNativeTarget "assignment2Tests" */;
			buildPhases = (
				A8EBEA3F19C8E51200CCC063 /* Sources */,
				A8EBEA4019C8E51200CCC063 /* Frameworks */,
				A8EBEA4119C8E51200CCC063 /* Resources */,
			);
			buildRules = (
			);
			dependencies = (
				A8EBEA4919C8E51200CCC063 /* PBXTargetDependency */,
			);
			name = assignment2Tests;
			productName = assignment2Tests;
			productReference = A8EBEA4319C8E51200CCC063 /* assignment2Tests.xctest */;
			productType = "com.apple.product-type.bundle.unit-test";
		};
/* End PBXNativeTarget section */

/* Begin PBXProject section */
		A8EBEA1A19C8E51100CCC063 /* Project object */ = {
			isa = PBXProject;
			attributes = {
				CLASSPREFIX = Novels;
				LastUpgradeCheck = 0510;
				ORGANIZATIONNAME = ddwatts;
				TargetAttributes = {
					A8EBEA4219C8E51200CCC063 = {
						TestTargetID = A8EBEA2119C8E51100CCC063;
					};
				};
			};
			buildConfigurationList = A8EBEA1D19C8E51100CCC063 /* Build configuration list for PBXProject "assignment2" */;
			compatibilityVersion = "Xcode 3.2";
			developmentRegion = English;
			hasScannedForEncodings = 0;
			knownRegions = (
				en,
				Base,
			);
			mainGroup = A8EBEA1919C8E51000CCC063;
			productRefGroup = A8EBEA2319C8E51200CCC063 /* Products */;
			projectDirPath = "";
			projectRoot = "";
			targets = (
				A8EBEA2119C8E51100CCC063 /* assignment2 */,
				A8EBEA4219C8E51200CCC063 /* assignment2Tests */,
			);
		};
/* End PBXProject section */

/* Begin PBXResourcesBuildPhase section */
		A8EBEA2019C8E51100CCC063 /* Resources */ = {
			isa = PBXResourcesBuildPhase;
			buildActionMask = 2147483647;
			files = (
				A8EBEA3E19C8E51200CCC063 /* Images.xcassets in Resources */,
				A8EBEA6119C8E73700CCC063 /* Alice.txt in Resources */,
				A8EBEA3019C8E51200CCC063 /* InfoPlist.strings in Resources */,
				A8EBEA6319C8E73700CCC063 /* ibooks_settings.png in Resources */,
				A8EBEA6219C8E73700CCC063 /* ibooks_app.png in Resources */,
				A8EBEA6519C8E73700CCC063 /* Oz.txt in Resources */,
				A8EBEA6619C8E73700CCC063 /* Pumpernickel.txt in Resources */,
				A8EBEA7019C9105600CCC063 /* Sleepy Hollow.txt in Resources */,
				A8EBEA6419C8E73700CCC063 /* ibooks_spotlight.png in Resources */,
				A8EBEA3919C8E51200CCC063 /* Main.storyboard in Resources */,
				A8EBEA6B19C8F11600CCC063 /* books.plist in Resources */,
			);
			runOnlyForDeploymentPostprocessing = 0;
		};
		A8EBEA4119C8E51200CCC063 /* Resources */ = {
			isa = PBXResourcesBuildPhase;
			buildActionMask = 2147483647;
			files = (
				A8EBEA4F19C8E51200CCC063 /* InfoPlist.strings in Resources */,
			);
			runOnlyForDeploymentPostprocessing = 0;
		};
/* End PBXResourcesBuildPhase section */

/* Begin PBXSourcesBuildPhase section */
		A8EBEA1E19C8E51100CCC063 /* Sources */ = {
			isa = PBXSourcesBuildPhase;
			buildActionMask = 2147483647;
			files = (
				A8EBEA3219C8E51200CCC063 /* main.m in Sources */,
				A8EBEA6E19C8F26100CCC063 /* Bookshelf.m in Sources */,
				A8EBEA3619C8E51200CCC063 /* NovelsAppDelegate.m in Sources */,
				A8EBEA6919C8EDCE00CCC063 /* DocSelectionViewController.m in Sources */,
				A8EBEA3C19C8E51200CCC063 /* NovelsViewController.m in Sources */,
			);
			runOnlyForDeploymentPostprocessing = 0;
		};
		A8EBEA3F19C8E51200CCC063 /* Sources */ = {
			isa = PBXSourcesBuildPhase;
			buildActionMask = 2147483647;
			files = (
				A8EBEA5119C8E51200CCC063 /* assignment2Tests.m in Sources */,
			);
			runOnlyForDeploymentPostprocessing = 0;
		};
/* End PBXSourcesBuildPhase section */

/* Begin PBXTargetDependency section */
		A8EBEA4919C8E51200CCC063 /* PBXTargetDependency */ = {
			isa = PBXTargetDependency;
			target = A8EBEA2119C8E51100CCC063 /* assignment2 */;
			targetProxy = A8EBEA4819C8E51200CCC063 /* PBXContainerItemProxy */;
		};
/* End PBXTargetDependency section */

/* Begin PBXVariantGroup section */
		A8EBEA2E19C8E51200CCC063 /* InfoPlist.strings */ = {
			isa = PBXVariantGroup;
			children = (
				A8EBEA2F19C8E51200CCC063 /* en */,
			);
			name = InfoPlist.strings;
			sourceTree = "<group>";
		};
		A8EBEA3719C8E51200CCC063 /* Main.storyboard */ = {
			isa = PBXVariantGroup;
			children = (
				A8EBEA3819C8E51200CCC063 /* Base */,
			);
			name = Main.storyboard;
			sourceTree = "<group>";
		};
		A8EBEA4D19C8E51200CCC063 /* InfoPlist.strings */ = {
			isa = PBXVariantGroup;
			children = (
				A8EBEA4E19C8E51200CCC063 /* en */,
			);
			name = InfoPlist.strings;
			sourceTree = "<group>";
		};
/* End PBXVariantGroup section */

/* Begin XCBuildConfiguration section */
		A8EBEA5219C8E51200CCC063 /* Debug */ = {
			isa = XCBuildConfiguration;
			buildSettings = {
				ALWAYS_SEARCH_USER_PATHS = NO;
				CLANG_CXX_LANGUAGE_STANDARD = "gnu++0x";
				CLANG_CXX_LIBRARY = "libc++";
				CLANG_ENABLE_MODULES = YES;
				CLANG_ENABLE_OBJC_ARC = YES;
				CLANG_WARN_BOOL_CONVERSION = YES;
				CLANG_WARN_CONSTANT_CONVERSION = YES;
				CLANG_WARN_DIRECT_OBJC_ISA_USAGE = YES_ERROR;
				CLANG_WARN_EMPTY_BODY = YES;
				CLANG_WARN_ENUM_CONVERSION = YES;
				CLANG_WARN_INT_CONVERSION = YES;
				CLANG_WARN_OBJC_ROOT_CLASS = YES_ERROR;
				CLANG_WARN__DUPLICATE_METHOD_MATCH = YES;
				"CODE_SIGN_IDENTITY[sdk=iphoneos*]" = "iPhone Developer";
				COPY_PHASE_STRIP = NO;
				GCC_C_LANGUAGE_STANDARD = gnu99;
				GCC_DYNAMIC_NO_PIC = NO;
				GCC_OPTIMIZATION_LEVEL = 0;
				GCC_PREPROCESSOR_DEFINITIONS = (
					"DEBUG=1",
					"$(inherited)",
				);
				GCC_SYMBOLS_PRIVATE_EXTERN = NO;
				GCC_WARN_64_TO_32_BIT_CONVERSION = YES;
				GCC_WARN_ABOUT_RETURN_TYPE = YES_ERROR;
				GCC_WARN_UNDECLARED_SELECTOR = YES;
				GCC_WARN_UNINITIALIZED_AUTOS = YES_AGGRESSIVE;
				GCC_WARN_UNUSED_FUNCTION = YES;
				GCC_WARN_UNUSED_VARIABLE = YES;
				IPHONEOS_DEPLOYMENT_TARGET = 7.1;
				ONLY_ACTIVE_ARCH = YES;
				SDKROOT = iphoneos;
			};
			name = Debug;
		};
		A8EBEA5319C8E51200CCC063 /* Release */ = {
			isa = XCBuildConfiguration;
			buildSettings = {
				ALWAYS_SEARCH_USER_PATHS = NO;
				CLANG_CXX_LANGUAGE_STANDARD = "gnu++0x";
				CLANG_CXX_LIBRARY = "libc++";
				CLANG_ENABLE_MODULES = YES;
				CLANG_ENABLE_OBJC_ARC = YES;
				CLANG_WARN_BOOL_CONVERSION = YES;
				CLANG_WARN_CONSTANT_CONVERSION = YES;
				CLANG_WARN_DIRECT_OBJC_ISA_USAGE = YES_ERROR;
				CLANG_WARN_EMPTY_BODY = YES;
				CLANG_WARN_ENUM_CONVERSION = YES;
				CLANG_WARN_INT_CONVERSION = YES;
				CLANG_WARN_OBJC_ROOT_CLASS = YES_ERROR;
				CLANG_WARN__DUPLICATE_METHOD_MATCH = YES;
				"CODE_SIGN_IDENTITY[sdk=iphoneos*]" = "iPhone Developer";
				COPY_PHASE_STRIP = YES;
				ENABLE_NS_ASSERTIONS = NO;
				GCC_C_LANGUAGE_STANDARD = gnu99;
				GCC_WARN_64_TO_32_BIT_CONVERSION = YES;
				GCC_WARN_ABOUT_RETURN_TYPE = YES_ERROR;
				GCC_WARN_UNDECLARED_SELECTOR = YES;
				GCC_WARN_UNINITIALIZED_AUTOS = YES_AGGRESSIVE;
				GCC_WARN_UNUSED_FUNCTION = YES;
				GCC_WARN_UNUSED_VARIABLE = YES;
				IPHONEOS_DEPLOYMENT_TARGET = 7.1;
				SDKROOT = iphoneos;
				VALIDATE_PRODUCT = YES;
			};
			name = Release;
		};
		A8EBEA5519C8E51200CCC063 /* Debug */ = {
			isa = XCBuildConfiguration;
			buildSettings = {
				ASSETCATALOG_COMPILER_APPICON_NAME = AppIcon;
				ASSETCATALOG_COMPILER_LAUNCHIMAGE_NAME = LaunchImage;
				GCC_PRECOMPILE_PREFIX_HEADER = YES;
				GCC_PREFIX_HEADER = "assignment2/assignment2-Prefix.pch";
				INFOPLIST_FILE = "assignment2/assignment2-Info.plist";
				PRODUCT_NAME = "$(TARGET_NAME)";
				WRAPPER_EXTENSION = app;
			};
			name = Debug;
		};
		A8EBEA5619C8E51200CCC063 /* Release */ = {
			isa = XCBuildConfiguration;
			buildSettings = {
				ASSETCATALOG_COMPILER_APPICON_NAME = AppIcon;
				ASSETCATALOG_COMPILER_LAUNCHIMAGE_NAME = LaunchImage;
				GCC_PRECOMPILE_PREFIX_HEADER = YES;
				GCC_PREFIX_HEADER = "assignment2/assignment2-Prefix.pch";
				INFOPLIST_FILE = "assignment2/assignment2-Info.plist";
				PRODUCT_NAME = "$(TARGET_NAME)";
				WRAPPER_EXTENSION = app;
			};
			name = Release;
		};
		A8EBEA5819C8E51200CCC063 /* Debug */ = {
			isa = XCBuildConfiguration;
			buildSettings = {
				BUNDLE_LOADER = "$(BUILT_PRODUCTS_DIR)/assignment2.app/assignment2";
				FRAMEWORK_SEARCH_PATHS = (
					"$(SDKROOT)/Developer/Library/Frameworks",
					"$(inherited)",
					"$(DEVELOPER_FRAMEWORKS_DIR)",
				);
				GCC_PRECOMPILE_PREFIX_HEADER = YES;
				GCC_PREFIX_HEADER = "assignment2/assignment2-Prefix.pch";
				GCC_PREPROCESSOR_DEFINITIONS = (
					"DEBUG=1",
					"$(inherited)",
				);
				INFOPLIST_FILE = "assignment2Tests/assignment2Tests-Info.plist";
				PRODUCT_NAME = "$(TARGET_NAME)";
				TEST_HOST = "$(BUNDLE_LOADER)";
				WRAPPER_EXTENSION = xctest;
			};
			name = Debug;
		};
		A8EBEA5919C8E51200CCC063 /* Release */ = {
			isa = XCBuildConfiguration;
			buildSettings = {
				BUNDLE_LOADER = "$(BUILT_PRODUCTS_DIR)/assignment2.app/assignment2";
				FRAMEWORK_SEARCH_PATHS = (
					"$(SDKROOT)/Developer/Library/Frameworks",
					"$(inherited)",
					"$(DEVELOPER_FRAMEWORKS_DIR)",
				);
				GCC_PRECOMPILE_PREFIX_HEADER = YES;
				GCC_PREFIX_HEADER = "assignment2/assignment2-Prefix.pch";
				INFOPLIST_FILE = "assignment2Tests/assignment2Tests-Info.plist";
				PRODUCT_NAME = "$(TARGET_NAME)";
				TEST_HOST = "$(BUNDLE_LOADER)";
				WRAPPER_EXTENSION = xctest;
			};
			name = Release;
		};
/* End XCBuildConfiguration section */

/* Begin XCConfigurationList section */
		A8EBEA1D19C8E51100CCC063 /* Build configuration list for PBXProject "assignment2" */ = {
			isa = XCConfigurationList;
			buildConfigurations = (
				A8EBEA5219C8E51200CCC063 /* Debug */,
				A8EBEA5319C8E51200CCC063 /* Release */,
			);
			defaultConfigurationIsVisible = 0;
			defaultConfigurationName = Release;
		};
		A8EBEA5419C8E51200CCC063 /* Build configuration list for PBXNativeTarget "assignment2" */ = {
			isa = XCConfigurationList;
			buildConfigurations = (
				A8EBEA5519C8E51200CCC063 /* Debug */,
				A8EBEA5619C8E51200CCC063 /* Release */,
			);
			defaultConfigurationIsVisible = 0;
		};
		A8EBEA5719C8E51200CCC063 /* Build configuration list for PBXNativeTarget "assignment2Tests" */ = {
			isa = XCConfigurationList;
			buildConfigurations = (
				A8EBEA5819C8E51200CCC063 /* Debug */,
				A8EBEA5919C8E51200CCC063 /* Release */,
			);
			defaultConfigurationIsVisible = 0;
		};
/* End XCConfigurationList section */
	};
	rootObject = A8EBEA1A19C8E51100CCC063 /* Project object */;
}
